
Microsoft Visual Studio Solution File, Format Version 12.00
# Visual Studio Version 17
VisualStudioVersion = 17.10.35013.160
MinimumVisualStudioVersion = 10.0.40219.1
Project("{FAE04EC0-301F-11D3-BF4B-00C04F79EFBC}") = "FoodOrderingWeb", "FoodOrderingWeb\FoodOrderingWeb.csproj", "{575C15F6-743C-47E5-9D1F-3914AF705C0C}"
EndProject
Global
	GlobalSection(SolutionConfigurationPlatforms) = preSolution
		Debug|Any CPU = Debug|Any CPU
		Release|Any CPU = Release|Any CPU
	EndGlobalSection
	GlobalSection(ProjectConfigurationPlatforms) = postSolution
		{575C15F6-743C-47E5-9D1F-3914AF705C0C}.Debug|Any CPU.ActiveCfg = Debug|Any CPU
		{575C15F6-743C-47E5-9D1F-3914AF705C0C}.Debug|Any CPU.Build.0 = Debug|Any CPU
		{575C15F6-743C-47E5-9D1F-3914AF705C0C}.Release|Any CPU.ActiveCfg = Release|Any CPU
		{575C15F6-743C-47E5-9D1F-3914AF705C0C}.Release|Any CPU.Build.0 = Release|Any CPU
	EndGlobalSection
	GlobalSection(SolutionProperties) = preSolution
		HideSolutionNode = FALSE
	EndGlobalSection
	GlobalSection(ExtensibilityGlobals) = postSolution
		SolutionGuid = {8433B72E-0813-4653-B587-61DEB9FEE723}
	EndGlobalSection
EndGlobal
